{
    "name": "@bradthomasbrown/finite-curve",
    "version": "2.2.0",
    "lockfileVersion": 3,
    "requires": true,
    "packages": {
        "": {
            "name": "@bradthomasbrown/finite-curve",
            "version": "2.2.0",
            "dependencies": {
                "@bradthomasbrown/finite-field": "^2.0.0"
            },
            "devDependencies": {
                "fc_a": "npm:@bradthomasbrown/finite-curve@^2.2.0",
                "ff_a": "npm:@bradthomasbrown/finite-field@^1.1.0"
            }
        },
        "node_modules/@bradthomasbrown/finite-field": {
            "version": "2.0.3",
            "resolved": "https://registry.npmjs.org/@bradthomasbrown/finite-field/-/finite-field-2.0.3.tgz",
            "integrity": "sha512-AeWBBMxPOvMKY8bSOsaVmpoN26aB1paJUiT61uHIeZIlvLTz/PxI0Q5B6vW5AMv9+LOoz7VvSnX9bG2jyILptA=="
        },
        "node_modules/fc_a": {
            "name": "@bradthomasbrown/finite-curve",
            "version": "2.2.0",
            "resolved": "https://registry.npmjs.org/@bradthomasbrown/finite-curve/-/finite-curve-2.2.0.tgz",
            "integrity": "sha512-tYC8Tf2S6xSUUrfSbx8eWXWj4Nz3w2AEYJJWnKnIXm1NxG32IuHucJWBFr56k1GbUD2byTzsAfupoRWngkhqmA==",
            "dev": true,
            "dependencies": {
                "@bradthomasbrown/finite-field": "^1.1.0"
            }
        },
        "node_modules/fc_a/node_modules/@bradthomasbrown/finite-field": {
            "version": "1.1.0",
            "resolved": "https://registry.npmjs.org/@bradthomasbrown/finite-field/-/finite-field-1.1.0.tgz",
            "integrity": "sha512-UDkf6BrXUWenv/aCN0vKZe4T4FdqyHu6TEaz1GwyJ3BoLTrnMfK0yE2AppbEMn1IfK6fKxJEMfIjqIG9Yc0W/w==",
            "dev": true
        },
        "node_modules/ff_a": {
            "name": "@bradthomasbrown/finite-field",
            "version": "1.1.0",
            "resolved": "https://registry.npmjs.org/@bradthomasbrown/finite-field/-/finite-field-1.1.0.tgz",
            "integrity": "sha512-UDkf6BrXUWenv/aCN0vKZe4T4FdqyHu6TEaz1GwyJ3BoLTrnMfK0yE2AppbEMn1IfK6fKxJEMfIjqIG9Yc0W/w==",
            "dev": true
        }
    }
}
